
Microsoft Visual Studio Solution File, Format Version 12.00
Project("{FAE04EC0-301F-11D3-BF4B-00C04F79EFBC}") = "WebApp", "WebApp\WebApp.csproj", "{DF313B22-8F75-423A-A737-A3315EF8EF4D}"
EndProject
Project("{FAE04EC0-301F-11D3-BF4B-00C04F79EFBC}") = "Core", "Core\Core.csproj", "{A7D870FA-4B50-4D7F-AD15-CF4A1E526A31}"
EndProject
Project("{FAE04EC0-301F-11D3-BF4B-00C04F79EFBC}") = "ServerAPI", "ServerAPI\ServerAPI.csproj", "{83F91DD4-A8BF-4B9F-8C00-24515626FD87}"
EndProject
Global
	GlobalSection(SolutionConfigurationPlatforms) = preSolution
		Debug|Any CPU = Debug|Any CPU
		Release|Any CPU = Release|Any CPU
	EndGlobalSection
	GlobalSection(ProjectConfigurationPlatforms) = postSolution
		{DF313B22-8F75-423A-A737-A3315EF8EF4D}.Debug|Any CPU.ActiveCfg = Debug|Any CPU
		{DF313B22-8F75-423A-A737-A3315EF8EF4D}.Debug|Any CPU.Build.0 = Debug|Any CPU
		{DF313B22-8F75-423A-A737-A3315EF8EF4D}.Release|Any CPU.ActiveCfg = Release|Any CPU
		{DF313B22-8F75-423A-A737-A3315EF8EF4D}.Release|Any CPU.Build.0 = Release|Any CPU
		{A7D870FA-4B50-4D7F-AD15-CF4A1E526A31}.Debug|Any CPU.ActiveCfg = Debug|Any CPU
		{A7D870FA-4B50-4D7F-AD15-CF4A1E526A31}.Debug|Any CPU.Build.0 = Debug|Any CPU
		{A7D870FA-4B50-4D7F-AD15-CF4A1E526A31}.Release|Any CPU.ActiveCfg = Release|Any CPU
		{A7D870FA-4B50-4D7F-AD15-CF4A1E526A31}.Release|Any CPU.Build.0 = Release|Any CPU
		{83F91DD4-A8BF-4B9F-8C00-24515626FD87}.Debug|Any CPU.ActiveCfg = Debug|Any CPU
		{83F91DD4-A8BF-4B9F-8C00-24515626FD87}.Debug|Any CPU.Build.0 = Debug|Any CPU
		{83F91DD4-A8BF-4B9F-8C00-24515626FD87}.Release|Any CPU.ActiveCfg = Release|Any CPU
		{83F91DD4-A8BF-4B9F-8C00-24515626FD87}.Release|Any CPU.Build.0 = Release|Any CPU
	EndGlobalSection
EndGlobal
